
Microsoft Visual Studio Solution File, Format Version 12.00
# Visual Studio Version 17
VisualStudioVersion = 17.0.32112.339
MinimumVisualStudioVersion = 10.0.40219.1
Project("{FAE04EC0-301F-11D3-BF4B-00C04F79EFBC}") = "Яковлев 21Д задание 1, номер 1", "Яковлев 21Д задание 1, номер 1\Яковлев 21Д задание 1, номер 1.csproj", "{AEF050BF-AB3F-4EC8-9BAD-BC53444268DA}"
EndProject
Global
	GlobalSection(SolutionConfigurationPlatforms) = preSolution
		Debug|Any CPU = Debug|Any CPU
		Release|Any CPU = Release|Any CPU
	EndGlobalSection
	GlobalSection(ProjectConfigurationPlatforms) = postSolution
		{AEF050BF-AB3F-4EC8-9BAD-BC53444268DA}.Debug|Any CPU.ActiveCfg = Debug|Any CPU
		{AEF050BF-AB3F-4EC8-9BAD-BC53444268DA}.Debug|Any CPU.Build.0 = Debug|Any CPU
		{AEF050BF-AB3F-4EC8-9BAD-BC53444268DA}.Release|Any CPU.ActiveCfg = Release|Any CPU
		{AEF050BF-AB3F-4EC8-9BAD-BC53444268DA}.Release|Any CPU.Build.0 = Release|Any CPU
	EndGlobalSection
	GlobalSection(SolutionProperties) = preSolution
		HideSolutionNode = FALSE
	EndGlobalSection
	GlobalSection(ExtensibilityGlobals) = postSolution
		SolutionGuid = {E0D1C487-235E-409C-BA84-74E40AA1CE1C}
	EndGlobalSection
EndGlobal
